// !$*UTF8*$!
{
	archiveVersion = 1;
	classes = {
	};
	objectVersion = 55;
	objects = {

/* Begin PBXBuildFile section */
		305A8C2F28C49F9F00AA8F16 /* mahberet_pealimApp.swift in Sources */ = {isa = PBXBuildFile; fileRef = 305A8C2E28C49F9F00AA8F16 /* mahberet_pealimApp.swift */; };
		305A8C3128C49F9F00AA8F16 /* ContentView.swift in Sources */ = {isa = PBXBuildFile; fileRef = 305A8C3028C49F9F00AA8F16 /* ContentView.swift */; };
		305A8C3328C49FA100AA8F16 /* Assets.xcassets in Resources */ = {isa = PBXBuildFile; fileRef = 305A8C3228C49FA100AA8F16 /* Assets.xcassets */; };
		305A8C3628C49FA100AA8F16 /* Preview Assets.xcassets in Resources */ = {isa = PBXBuildFile; fileRef = 305A8C3528C49FA100AA8F16 /* Preview Assets.xcassets */; };
		305A8C4028C49FA100AA8F16 /* mahberet_pealimTests.swift in Sources */ = {isa = PBXBuildFile; fileRef = 305A8C3F28C49FA100AA8F16 /* mahberet_pealimTests.swift */; };
		305A8C4A28C49FA100AA8F16 /* mahberet_pealimUITests.swift in Sources */ = {isa = PBXBuildFile; fileRef = 305A8C4928C49FA100AA8F16 /* mahberet_pealimUITests.swift */; };
		305A8C4C28C49FA100AA8F16 /* mahberet_pealimUITestsLaunchTests.swift in Sources */ = {isa = PBXBuildFile; fileRef = 305A8C4B28C49FA100AA8F16 /* mahberet_pealimUITestsLaunchTests.swift */; };
/* End PBXBuildFile section */

/* Begin PBXContainerItemProxy section */
		305A8C3C28C49FA100AA8F16 /* PBXContainerItemProxy */ = {
			isa = PBXContainerItemProxy;
			containerPortal = 305A8C2328C49F9F00AA8F16 /* Project object */;
			proxyType = 1;
			remoteGlobalIDString = 305A8C2A28C49F9F00AA8F16;
			remoteInfo = "mahberet-pealim";
		};
		305A8C4628C49FA100AA8F16 /* PBXContainerItemProxy */ = {
			isa = PBXContainerItemProxy;
			containerPortal = 305A8C2328C49F9F00AA8F16 /* Project object */;
			proxyType = 1;
			remoteGlobalIDString = 305A8C2A28C49F9F00AA8F16;
			remoteInfo = "mahberet-pealim";
		};
/* End PBXContainerItemProxy section */

/* Begin PBXFileReference section */
		305A8C2B28C49F9F00AA8F16 /* mahberet-pealim.app */ = {isa = PBXFileReference; explicitFileType = wrapper.application; includeInIndex = 0; path = "mahberet-pealim.app"; sourceTree = BUILT_PRODUCTS_DIR; };
		305A8C2E28C49F9F00AA8F16 /* mahberet_pealimApp.swift */ = {isa = PBXFileReference; lastKnownFileType = sourcecode.swift; path = mahberet_pealimApp.swift; sourceTree = "<group>"; };
		305A8C3028C49F9F00AA8F16 /* ContentView.swift */ = {isa = PBXFileReference; lastKnownFileType = sourcecode.swift; path = ContentView.swift; sourceTree = "<group>"; };
		305A8C3228C49FA100AA8F16 /* Assets.xcassets */ = {isa = PBXFileReference; lastKnownFileType = folder.assetcatalog; path = Assets.xcassets; sourceTree = "<group>"; };
		305A8C3528C49FA100AA8F16 /* Preview Assets.xcassets */ = {isa = PBXFileReference; lastKnownFileType = folder.assetcatalog; path = "Preview Assets.xcassets"; sourceTree = "<group>"; };
		305A8C3B28C49FA100AA8F16 /* mahberet-pealimTests.xctest */ = {isa = PBXFileReference; explicitFileType = wrapper.cfbundle; includeInIndex = 0; path = "mahberet-pealimTests.xctest"; sourceTree = BUILT_PRODUCTS_DIR; };
		305A8C3F28C49FA100AA8F16 /* mahberet_pealimTests.swift */ = {isa = PBXFileReference; lastKnownFileType = sourcecode.swift; path = mahberet_pealimTests.swift; sourceTree = "<group>"; };
		305A8C4528C49FA100AA8F16 /* mahberet-pealimUITests.xctest */ = {isa = PBXFileReference; explicitFileType = wrapper.cfbundle; includeInIndex = 0; path = "mahberet-pealimUITests.xctest"; sourceTree = BUILT_PRODUCTS_DIR; };
		305A8C4928C49FA100AA8F16 /* mahberet_pealimUITests.swift */ = {isa = PBXFileReference; lastKnownFileType = sourcecode.swift; path = mahberet_pealimUITests.swift; sourceTree = "<group>"; };
		305A8C4B28C49FA100AA8F16 /* mahberet_pealimUITestsLaunchTests.swift */ = {isa = PBXFileReference; lastKnownFileType = sourcecode.swift; path = mahberet_pealimUITestsLaunchTests.swift; sourceTree = "<group>"; };
/* End PBXFileReference section */

/* Begin PBXFrameworksBuildPhase section */
		305A8C2828C49F9F00AA8F16 /* Frameworks */ = {
			isa = PBXFrameworksBuildPhase;
			buildActionMask = 2147483647;
			files = (
			);
			runOnlyForDeploymentPostprocessing = 0;
		};
		305A8C3828C49FA100AA8F16 /* Frameworks */ = {
			isa = PBXFrameworksBuildPhase;
			buildActionMask = 2147483647;
			files = (
			);
			runOnlyForDeploymentPostprocessing = 0;
		};
		305A8C4228C49FA100AA8F16 /* Frameworks */ = {
			isa = PBXFrameworksBuildPhase;
			buildActionMask = 2147483647;
			files = (
			);
			runOnlyForDeploymentPostprocessing = 0;
		};
/* End PBXFrameworksBuildPhase section */

/* Begin PBXGroup section */
		305A8C2228C49F9F00AA8F16 = {
			isa = PBXGroup;
			children = (
				305A8C2D28C49F9F00AA8F16 /* mahberet-pealim */,
				305A8C3E28C49FA100AA8F16 /* mahberet-pealimTests */,
				305A8C4828C49FA100AA8F16 /* mahberet-pealimUITests */,
				305A8C2C28C49F9F00AA8F16 /* Products */,
			);
			sourceTree = "<group>";
		};
		305A8C2C28C49F9F00AA8F16 /* Products */ = {
			isa = PBXGroup;
			children = (
				305A8C2B28C49F9F00AA8F16 /* mahberet-pealim.app */,
				305A8C3B28C49FA100AA8F16 /* mahberet-pealimTests.xctest */,
				305A8C4528C49FA100AA8F16 /* mahberet-pealimUITests.xctest */,
			);
			name = Products;
			sourceTree = "<group>";
		};
		305A8C2D28C49F9F00AA8F16 /* mahberet-pealim */ = {
			isa = PBXGroup;
			children = (
				305A8C2E28C49F9F00AA8F16 /* mahberet_pealimApp.swift */,
				305A8C3028C49F9F00AA8F16 /* ContentView.swift */,
				305A8C3228C49FA100AA8F16 /* Assets.xcassets */,
				305A8C3428C49FA100AA8F16 /* Preview Content */,
			);
			path = "mahberet-pealim";
			sourceTree = "<group>";
		};
		305A8C3428C49FA100AA8F16 /* Preview Content */ = {
			isa = PBXGroup;
			children = (
				305A8C3528C49FA100AA8F16 /* Preview Assets.xcassets */,
			);
			path = "Preview Content";
			sourceTree = "<group>";
		};
		305A8C3E28C49FA100AA8F16 /* mahberet-pealimTests */ = {
			isa = PBXGroup;
			children = (
				305A8C3F28C49FA100AA8F16 /* mahberet_pealimTests.swift */,
			);
			path = "mahberet-pealimTests";
			sourceTree = "<group>";
		};
		305A8C4828C49FA100AA8F16 /* mahberet-pealimUITests */ = {
			isa = PBXGroup;
			children = (
				305A8C4928C49FA100AA8F16 /* mahberet_pealimUITests.swift */,
				305A8C4B28C49FA100AA8F16 /* mahberet_pealimUITestsLaunchTests.swift */,
			);
			path = "mahberet-pealimUITests";
			sourceTree = "<group>";
		};
/* End PBXGroup section */

/* Begin PBXNativeTarget section */
		305A8C2A28C49F9F00AA8F16 /* mahberet-pealim */ = {
			isa = PBXNativeTarget;
			buildConfigurationList = 305A8C4F28C49FA100AA8F16 /* Build configuration list for PBXNativeTarget "mahberet-pealim" */;
			buildPhases = (
				305A8C2728C49F9F00AA8F16 /* Sources */,
				305A8C2828C49F9F00AA8F16 /* Frameworks */,
				305A8C2928C49F9F00AA8F16 /* Resources */,
			);
			buildRules = (
			);
			dependencies = (
			);
			name = "mahberet-pealim";
			productName = "mahberet-pealim";
			productReference = 305A8C2B28C49F9F00AA8F16 /* mahberet-pealim.app */;
			productType = "com.apple.product-type.application";
		};
		305A8C3A28C49FA100AA8F16 /* mahberet-pealimTests */ = {
			isa = PBXNativeTarget;
			buildConfigurationList = 305A8C5228C49FA100AA8F16 /* Build configuration list for PBXNativeTarget "mahberet-pealimTests" */;
			buildPhases = (
				305A8C3728C49FA100AA8F16 /* Sources */,
				305A8C3828C49FA100AA8F16 /* Frameworks */,
				305A8C3928C49FA100AA8F16 /* Resources */,
			);
			buildRules = (
			);
			dependencies = (
				305A8C3D28C49FA100AA8F16 /* PBXTargetDependency */,
			);
			name = "mahberet-pealimTests";
			productName = "mahberet-pealimTests";
			productReference = 305A8C3B28C49FA100AA8F16 /* mahberet-pealimTests.xctest */;
			productType = "com.apple.product-type.bundle.unit-test";
		};
		305A8C4428C49FA100AA8F16 /* mahberet-pealimUITests */ = {
			isa = PBXNativeTarget;
			buildConfigurationList = 305A8C5528C49FA100AA8F16 /* Build configuration list for PBXNativeTarget "mahberet-pealimUITests" */;
			buildPhases = (
				305A8C4128C49FA100AA8F16 /* Sources */,
				305A8C4228C49FA100AA8F16 /* Frameworks */,
				305A8C4328C49FA100AA8F16 /* Resources */,
			);
			buildRules = (
			);
			dependencies = (
				305A8C4728C49FA100AA8F16 /* PBXTargetDependency */,
			);
			name = "mahberet-pealimUITests";
			productName = "mahberet-pealimUITests";
			productReference = 305A8C4528C49FA100AA8F16 /* mahberet-pealimUITests.xctest */;
			productType = "com.apple.product-type.bundle.ui-testing";
		};
/* End PBXNativeTarget section */

/* Begin PBXProject section */
		305A8C2328C49F9F00AA8F16 /* Project object */ = {
			isa = PBXProject;
			attributes = {
				BuildIndependentTargetsInParallel = 1;
				LastSwiftUpdateCheck = 1340;
				LastUpgradeCheck = 1340;
				TargetAttributes = {
					305A8C2A28C49F9F00AA8F16 = {
						CreatedOnToolsVersion = 13.4.1;
					};
					305A8C3A28C49FA100AA8F16 = {
						CreatedOnToolsVersion = 13.4.1;
						TestTargetID = 305A8C2A28C49F9F00AA8F16;
					};
					305A8C4428C49FA100AA8F16 = {
						CreatedOnToolsVersion = 13.4.1;
						TestTargetID = 305A8C2A28C49F9F00AA8F16;
					};
				};
			};
			buildConfigurationList = 305A8C2628C49F9F00AA8F16 /* Build configuration list for PBXProject "mahberet-pealim" */;
			compatibilityVersion = "Xcode 13.0";
			developmentRegion = en;
			hasScannedForEncodings = 0;
			knownRegions = (
				en,
				Base,
			);
			mainGroup = 305A8C2228C49F9F00AA8F16;
			productRefGroup = 305A8C2C28C49F9F00AA8F16 /* Products */;
			projectDirPath = "";
			projectRoot = "";
			targets = (
				305A8C2A28C49F9F00AA8F16 /* mahberet-pealim */,
				305A8C3A28C49FA100AA8F16 /* mahberet-pealimTests */,
				305A8C4428C49FA100AA8F16 /* mahberet-pealimUITests */,
			);
		};
/* End PBXProject section */

/* Begin PBXResourcesBuildPhase section */
		305A8C2928C49F9F00AA8F16 /* Resources */ = {
			isa = PBXResourcesBuildPhase;
			buildActionMask = 2147483647;
			files = (
				305A8C3628C49FA100AA8F16 /* Preview Assets.xcassets in Resources */,
				305A8C3328C49FA100AA8F16 /* Assets.xcassets in Resources */,
			);
			runOnlyForDeploymentPostprocessing = 0;
		};
		305A8C3928C49FA100AA8F16 /* Resources */ = {
			isa = PBXResourcesBuildPhase;
			buildActionMask = 2147483647;
			files = (
			);
			runOnlyForDeploymentPostprocessing = 0;
		};
		305A8C4328C49FA100AA8F16 /* Resources */ = {
			isa = PBXResourcesBuildPhase;
			buildActionMask = 2147483647;
			files = (
			);
			runOnlyForDeploymentPostprocessing = 0;
		};
/* End PBXResourcesBuildPhase section */

/* Begin PBXSourcesBuildPhase section */
		305A8C2728C49F9F00AA8F16 /* Sources */ = {
			isa = PBXSourcesBuildPhase;
			buildActionMask = 2147483647;
			files = (
				305A8C3128C49F9F00AA8F16 /* ContentView.swift in Sources */,
				305A8C2F28C49F9F00AA8F16 /* mahberet_pealimApp.swift in Sources */,
			);
			runOnlyForDeploymentPostprocessing = 0;
		};
		305A8C3728C49FA100AA8F16 /* Sources */ = {
			isa = PBXSourcesBuildPhase;
			buildActionMask = 2147483647;
			files = (
				305A8C4028C49FA100AA8F16 /* mahberet_pealimTests.swift in Sources */,
			);
			runOnlyForDeploymentPostprocessing = 0;
		};
		305A8C4128C49FA100AA8F16 /* Sources */ = {
			isa = PBXSourcesBuildPhase;
			buildActionMask = 2147483647;
			files = (
				305A8C4C28C49FA100AA8F16 /* mahberet_pealimUITestsLaunchTests.swift in Sources */,
				305A8C4A28C49FA100AA8F16 /* mahberet_pealimUITests.swift in Sources */,
			);
			runOnlyForDeploymentPostprocessing = 0;
		};
/* End PBXSourcesBuildPhase section */

/* Begin PBXTargetDependency section */
		305A8C3D28C49FA100AA8F16 /* PBXTargetDependency */ = {
			isa = PBXTargetDependency;
			target = 305A8C2A28C49F9F00AA8F16 /* mahberet-pealim */;
			targetProxy = 305A8C3C28C49FA100AA8F16 /* PBXContainerItemProxy */;
		};
		305A8C4728C49FA100AA8F16 /* PBXTargetDependency */ = {
			isa = PBXTargetDependency;
			target = 305A8C2A28C49F9F00AA8F16 /* mahberet-pealim */;
			targetProxy = 305A8C4628C49FA100AA8F16 /* PBXContainerItemProxy */;
		};
/* End PBXTargetDependency section */

/* Begin XCBuildConfiguration section */
		305A8C4D28C49FA100AA8F16 /* Debug */ = {
			isa = XCBuildConfiguration;
			buildSettings = {
				ALWAYS_SEARCH_USER_PATHS = NO;
				CLANG_ANALYZER_NONNULL = YES;
				CLANG_ANALYZER_NUMBER_OBJECT_CONVERSION = YES_AGGRESSIVE;
				CLANG_CXX_LANGUAGE_STANDARD = "gnu++17";
				CLANG_ENABLE_MODULES = YES;
				CLANG_ENABLE_OBJC_ARC = YES;
				CLANG_ENABLE_OBJC_WEAK = YES;
				CLANG_WARN_BLOCK_CAPTURE_AUTORELEASING = YES;
				CLANG_WARN_BOOL_CONVERSION = YES;
				CLANG_WARN_COMMA = YES;
				CLANG_WARN_CONSTANT_CONVERSION = YES;
				CLANG_WARN_DEPRECATED_OBJC_IMPLEMENTATIONS = YES;
				CLANG_WARN_DIRECT_OBJC_ISA_USAGE = YES_ERROR;
				CLANG_WARN_DOCUMENTATION_COMMENTS = YES;
				CLANG_WARN_EMPTY_BODY = YES;
				CLANG_WARN_ENUM_CONVERSION = YES;
				CLANG_WARN_INFINITE_RECURSION = YES;
				CLANG_WARN_INT_CONVERSION = YES;
				CLANG_WARN_NON_LITERAL_NULL_CONVERSION = YES;
				CLANG_WARN_OBJC_IMPLICIT_RETAIN_SELF = YES;
				CLANG_WARN_OBJC_LITERAL_CONVERSION = YES;
				CLANG_WARN_OBJC_ROOT_CLASS = YES_ERROR;
				CLANG_WARN_QUOTED_INCLUDE_IN_FRAMEWORK_HEADER = YES;
				CLANG_WARN_RANGE_LOOP_ANALYSIS = YES;
				CLANG_WARN_STRICT_PROTOTYPES = YES;
				CLANG_WARN_SUSPICIOUS_MOVE = YES;
				CLANG_WARN_UNGUARDED_AVAILABILITY = YES_AGGRESSIVE;
				CLANG_WARN_UNREACHABLE_CODE = YES;
				CLANG_WARN__DUPLICATE_METHOD_MATCH = YES;
				COPY_PHASE_STRIP = NO;
				DEBUG_INFORMATION_FORMAT = dwarf;
				ENABLE_STRICT_OBJC_MSGSEND = YES;
				ENABLE_TESTABILITY = YES;
				GCC_C_LANGUAGE_STANDARD = gnu11;
				GCC_DYNAMIC_NO_PIC = NO;
				GCC_NO_COMMON_BLOCKS = YES;
				GCC_OPTIMIZATION_LEVEL = 0;
				GCC_PREPROCESSOR_DEFINITIONS = (
					"DEBUG=1",
					"$(inherited)",
				);
				GCC_WARN_64_TO_32_BIT_CONVERSION = YES;
				GCC_WARN_ABOUT_RETURN_TYPE = YES_ERROR;
				GCC_WARN_UNDECLARED_SELECTOR = YES;
				GCC_WARN_UNINITIALIZED_AUTOS = YES_AGGRESSIVE;
				GCC_WARN_UNUSED_FUNCTION = YES;
				GCC_WARN_UNUSED_VARIABLE = YES;
				IPHONEOS_DEPLOYMENT_TARGET = 15.5;
				MTL_ENABLE_DEBUG_INFO = INCLUDE_SOURCE;
				MTL_FAST_MATH = YES;
				ONLY_ACTIVE_ARCH = YES;
				SDKROOT = iphoneos;
				SWIFT_ACTIVE_COMPILATION_CONDITIONS = DEBUG;
				SWIFT_OPTIMIZATION_LEVEL = "-Onone";
			};
			name = Debug;
		};
		305A8C4E28C49FA100AA8F16 /* Release */ = {
			isa = XCBuildConfiguration;
			buildSettings = {
				ALWAYS_SEARCH_USER_PATHS = NO;
				CLANG_ANALYZER_NONNULL = YES;
				CLANG_ANALYZER_NUMBER_OBJECT_CONVERSION = YES_AGGRESSIVE;
				CLANG_CXX_LANGUAGE_STANDARD = "gnu++17";
				CLANG_ENABLE_MODULES = YES;
				CLANG_ENABLE_OBJC_ARC = YES;
				CLANG_ENABLE_OBJC_WEAK = YES;
				CLANG_WARN_BLOCK_CAPTURE_AUTORELEASING = YES;
				CLANG_WARN_BOOL_CONVERSION = YES;
				CLANG_WARN_COMMA = YES;
				CLANG_WARN_CONSTANT_CONVERSION = YES;
				CLANG_WARN_DEPRECATED_OBJC_IMPLEMENTATIONS = YES;
				CLANG_WARN_DIRECT_OBJC_ISA_USAGE = YES_ERROR;
				CLANG_WARN_DOCUMENTATION_COMMENTS = YES;
				CLANG_WARN_EMPTY_BODY = YES;
				CLANG_WARN_ENUM_CONVERSION = YES;
				CLANG_WARN_INFINITE_RECURSION = YES;
				CLANG_WARN_INT_CONVERSION = YES;
				CLANG_WARN_NON_LITERAL_NULL_CONVERSION = YES;
				CLANG_WARN_OBJC_IMPLICIT_RETAIN_SELF = YES;
				CLANG_WARN_OBJC_LITERAL_CONVERSION = YES;
				CLANG_WARN_OBJC_ROOT_CLASS = YES_ERROR;
				CLANG_WARN_QUOTED_INCLUDE_IN_FRAMEWORK_HEADER = YES;
				CLANG_WARN_RANGE_LOOP_ANALYSIS = YES;
				CLANG_WARN_STRICT_PROTOTYPES = YES;
				CLANG_WARN_SUSPICIOUS_MOVE = YES;
				CLANG_WARN_UNGUARDED_AVAILABILITY = YES_AGGRESSIVE;
				CLANG_WARN_UNREACHABLE_CODE = YES;
				CLANG_WARN__DUPLICATE_METHOD_MATCH = YES;
				COPY_PHASE_STRIP = NO;
				DEBUG_INFORMATION_FORMAT = "dwarf-with-dsym";
				ENABLE_NS_ASSERTIONS = NO;
				ENABLE_STRICT_OBJC_MSGSEND = YES;
				GCC_C_LANGUAGE_STANDARD = gnu11;
				GCC_NO_COMMON_BLOCKS = YES;
				GCC_WARN_64_TO_32_BIT_CONVERSION = YES;
				GCC_WARN_ABOUT_RETURN_TYPE = YES_ERROR;
				GCC_WARN_UNDECLARED_SELECTOR = YES;
				GCC_WARN_UNINITIALIZED_AUTOS = YES_AGGRESSIVE;
				GCC_WARN_UNUSED_FUNCTION = YES;
				GCC_WARN_UNUSED_VARIABLE = YES;
				IPHONEOS_DEPLOYMENT_TARGET = 15.5;
				MTL_ENABLE_DEBUG_INFO = NO;
				MTL_FAST_MATH = YES;
				SDKROOT = iphoneos;
				SWIFT_COMPILATION_MODE = wholemodule;
				SWIFT_OPTIMIZATION_LEVEL = "-O";
				VALIDATE_PRODUCT = YES;
			};
			name = Release;
		};
		305A8C5028C49FA100AA8F16 /* Debug */ = {
			isa = XCBuildConfiguration;
			buildSettings = {
				ASSETCATALOG_COMPILER_APPICON_NAME = AppIcon;
				ASSETCATALOG_COMPILER_GLOBAL_ACCENT_COLOR_NAME = AccentColor;
				CODE_SIGN_STYLE = Automatic;
				CURRENT_PROJECT_VERSION = 1;
				DEVELOPMENT_ASSET_PATHS = "\"mahberet-pealim/Preview Content\"";
				ENABLE_PREVIEWS = YES;
				GENERATE_INFOPLIST_FILE = YES;
				INFOPLIST_KEY_UIApplicationSceneManifest_Generation = YES;
				INFOPLIST_KEY_UIApplicationSupportsIndirectInputEvents = YES;
				INFOPLIST_KEY_UILaunchScreen_Generation = YES;
				INFOPLIST_KEY_UISupportedInterfaceOrientations_iPad = "UIInterfaceOrientationPortrait UIInterfaceOrientationPortraitUpsideDown UIInterfaceOrientationLandscapeLeft UIInterfaceOrientationLandscapeRight";
				INFOPLIST_KEY_UISupportedInterfaceOrientations_iPhone = "UIInterfaceOrientationPortrait UIInterfaceOrientationLandscapeLeft UIInterfaceOrientationLandscapeRight";
				LD_RUNPATH_SEARCH_PATHS = (
					"$(inherited)",
					"@executable_path/Frameworks",
				);
				MARKETING_VERSION = 1.0;
				PRODUCT_BUNDLE_IDENTIFIER = "com.volovelskyi.mahberet-pealim";
				PRODUCT_NAME = "$(TARGET_NAME)";
				SWIFT_EMIT_LOC_STRINGS = YES;
				SWIFT_VERSION = 5.0;
				TARGETED_DEVICE_FAMILY = "1,2";
			};
			name = Debug;
		};
		305A8C5128C49FA100AA8F16 /* Release */ = {
			isa = XCBuildConfiguration;
			buildSettings = {
				ASSETCATALOG_COMPILER_APPICON_NAME = AppIcon;
				ASSETCATALOG_COMPILER_GLOBAL_ACCENT_COLOR_NAME = AccentColor;
				CODE_SIGN_STYLE = Automatic;
				CURRENT_PROJECT_VERSION = 1;
				DEVELOPMENT_ASSET_PATHS = "\"mahberet-pealim/Preview Content\"";
				ENABLE_PREVIEWS = YES;
				GENERATE_INFOPLIST_FILE = YES;
				INFOPLIST_KEY_UIApplicationSceneManifest_Generation = YES;
				INFOPLIST_KEY_UIApplicationSupportsIndirectInputEvents = YES;
				INFOPLIST_KEY_UILaunchScreen_Generation = YES;
				INFOPLIST_KEY_UISupportedInterfaceOrientations_iPad = "UIInterfaceOrientationPortrait UIInterfaceOrientationPortraitUpsideDown UIInterfaceOrientationLandscapeLeft UIInterfaceOrientationLandscapeRight";
				INFOPLIST_KEY_UISupportedInterfaceOrientations_iPhone = "UIInterfaceOrientationPortrait UIInterfaceOrientationLandscapeLeft UIInterfaceOrientationLandscapeRight";
				LD_RUNPATH_SEARCH_PATHS = (
					"$(inherited)",
					"@executable_path/Frameworks",
				);
				MARKETING_VERSION = 1.0;
				PRODUCT_BUNDLE_IDENTIFIER = "com.volovelskyi.mahberet-pealim";
				PRODUCT_NAME = "$(TARGET_NAME)";
				SWIFT_EMIT_LOC_STRINGS = YES;
				SWIFT_VERSION = 5.0;
				TARGETED_DEVICE_FAMILY = "1,2";
			};
			name = Release;
		};
		305A8C5328C49FA100AA8F16 /* Debug */ = {
			isa = XCBuildConfiguration;
			buildSettings = {
				ALWAYS_EMBED_SWIFT_STANDARD_LIBRARIES = YES;
				BUNDLE_LOADER = "$(TEST_HOST)";
				CODE_SIGN_STYLE = Automatic;
				CURRENT_PROJECT_VERSION = 1;
				GENERATE_INFOPLIST_FILE = YES;
				IPHONEOS_DEPLOYMENT_TARGET = 15.5;
				MARKETING_VERSION = 1.0;
				PRODUCT_BUNDLE_IDENTIFIER = "com.volovelskyi.mahberet-pealimTests";
				PRODUCT_NAME = "$(TARGET_NAME)";
				SWIFT_EMIT_LOC_STRINGS = NO;
				SWIFT_VERSION = 5.0;
				TARGETED_DEVICE_FAMILY = "1,2";
				TEST_HOST = "$(BUILT_PRODUCTS_DIR)/mahberet-pealim.app/mahberet-pealim";
			};
			name = Debug;
		};
		305A8C5428C49FA100AA8F16 /* Release */ = {
			isa = XCBuildConfiguration;
			buildSettings = {
				ALWAYS_EMBED_SWIFT_STANDARD_LIBRARIES = YES;
				BUNDLE_LOADER = "$(TEST_HOST)";
				CODE_SIGN_STYLE = Automatic;
				CURRENT_PROJECT_VERSION = 1;
				GENERATE_INFOPLIST_FILE = YES;
				IPHONEOS_DEPLOYMENT_TARGET = 15.5;
				MARKETING_VERSION = 1.0;
				PRODUCT_BUNDLE_IDENTIFIER = "com.volovelskyi.mahberet-pealimTests";
				PRODUCT_NAME = "$(TARGET_NAME)";
				SWIFT_EMIT_LOC_STRINGS = NO;
				SWIFT_VERSION = 5.0;
				TARGETED_DEVICE_FAMILY = "1,2";
				TEST_HOST = "$(BUILT_PRODUCTS_DIR)/mahberet-pealim.app/mahberet-pealim";
			};
			name = Release;
		};
		305A8C5628C49FA100AA8F16 /* Debug */ = {
			isa = XCBuildConfiguration;
			buildSettings = {
				ALWAYS_EMBED_SWIFT_STANDARD_LIBRARIES = YES;
				CODE_SIGN_STYLE = Automatic;
				CURRENT_PROJECT_VERSION = 1;
				GENERATE_INFOPLIST_FILE = YES;
				MARKETING_VERSION = 1.0;
				PRODUCT_BUNDLE_IDENTIFIER = "com.volovelskyi.mahberet-pealimUITests";
				PRODUCT_NAME = "$(TARGET_NAME)";
				SWIFT_EMIT_LOC_STRINGS = NO;
				SWIFT_VERSION = 5.0;
				TARGETED_DEVICE_FAMILY = "1,2";
				TEST_TARGET_NAME = "mahberet-pealim";
			};
			name = Debug;
		};
		305A8C5728C49FA100AA8F16 /* Release */ = {
			isa = XCBuildConfiguration;
			buildSettings = {
				ALWAYS_EMBED_SWIFT_STANDARD_LIBRARIES = YES;
				CODE_SIGN_STYLE = Automatic;
				CURRENT_PROJECT_VERSION = 1;
				GENERATE_INFOPLIST_FILE = YES;
				MARKETING_VERSION = 1.0;
				PRODUCT_BUNDLE_IDENTIFIER = "com.volovelskyi.mahberet-pealimUITests";
				PRODUCT_NAME = "$(TARGET_NAME)";
				SWIFT_EMIT_LOC_STRINGS = NO;
				SWIFT_VERSION = 5.0;
				TARGETED_DEVICE_FAMILY = "1,2";
				TEST_TARGET_NAME = "mahberet-pealim";
			};
			name = Release;
		};
/* End XCBuildConfiguration section */

/* Begin XCConfigurationList section */
		305A8C2628C49F9F00AA8F16 /* Build configuration list for PBXProject "mahberet-pealim" */ = {
			isa = XCConfigurationList;
			buildConfigurations = (
				305A8C4D28C49FA100AA8F16 /* Debug */,
				305A8C4E28C49FA100AA8F16 /* Release */,
			);
			defaultConfigurationIsVisible = 0;
			defaultConfigurationName = Release;
		};
		305A8C4F28C49FA100AA8F16 /* Build configuration list for PBXNativeTarget "mahberet-pealim" */ = {
			isa = XCConfigurationList;
			buildConfigurations = (
				305A8C5028C49FA100AA8F16 /* Debug */,
				305A8C5128C49FA100AA8F16 /* Release */,
			);
			defaultConfigurationIsVisible = 0;
			defaultConfigurationName = Release;
		};
		305A8C5228C49FA100AA8F16 /* Build configuration list for PBXNativeTarget "mahberet-pealimTests" */ = {
			isa = XCConfigurationList;
			buildConfigurations = (
				305A8C5328C49FA100AA8F16 /* Debug */,
				305A8C5428C49FA100AA8F16 /* Release */,
			);
			defaultConfigurationIsVisible = 0;
			defaultConfigurationName = Release;
		};
		305A8C5528C49FA100AA8F16 /* Build configuration list for PBXNativeTarget "mahberet-pealimUITests" */ = {
			isa = XCConfigurationList;
			buildConfigurations = (
				305A8C5628C49FA100AA8F16 /* Debug */,
				305A8C5728C49FA100AA8F16 /* Release */,
			);
			defaultConfigurationIsVisible = 0;
			defaultConfigurationName = Release;
		};
/* End XCConfigurationList section */
	};
	rootObject = 305A8C2328C49F9F00AA8F16 /* Project object */;
}
